
Microsoft Visual Studio Solution File, Format Version 12.00
# Visual Studio Version 16
VisualStudioVersion = 16.0.30611.23
MinimumVisualStudioVersion = 10.0.40219.1
Project("{FAE04EC0-301F-11D3-BF4B-00C04F79EFBC}") = "SpreadSheet", "SpreadSheet.csproj", "{377CEC5A-E8EB-4401-BFF2-B5FAD7919744}"
EndProject
Project("{FAE04EC0-301F-11D3-BF4B-00C04F79EFBC}") = "SpreadSheet.Tests", "..\SpreadSheet.Tests\SpreadSheet.Tests.csproj", "{BB13C3BD-4A57-453C-B668-CF61A2BD124A}"
EndProject
Global
	GlobalSection(SolutionConfigurationPlatforms) = preSolution
		Debug|Any CPU = Debug|Any CPU
		Release|Any CPU = Release|Any CPU
	EndGlobalSection
	GlobalSection(ProjectConfigurationPlatforms) = postSolution
		{377CEC5A-E8EB-4401-BFF2-B5FAD7919744}.Debug|Any CPU.ActiveCfg = Debug|Any CPU
		{377CEC5A-E8EB-4401-BFF2-B5FAD7919744}.Debug|Any CPU.Build.0 = Debug|Any CPU
		{377CEC5A-E8EB-4401-BFF2-B5FAD7919744}.Release|Any CPU.ActiveCfg = Release|Any CPU
		{377CEC5A-E8EB-4401-BFF2-B5FAD7919744}.Release|Any CPU.Build.0 = Release|Any CPU
		{BB13C3BD-4A57-453C-B668-CF61A2BD124A}.Debug|Any CPU.ActiveCfg = Debug|Any CPU
		{BB13C3BD-4A57-453C-B668-CF61A2BD124A}.Debug|Any CPU.Build.0 = Debug|Any CPU
		{BB13C3BD-4A57-453C-B668-CF61A2BD124A}.Release|Any CPU.ActiveCfg = Release|Any CPU
		{BB13C3BD-4A57-453C-B668-CF61A2BD124A}.Release|Any CPU.Build.0 = Release|Any CPU
	EndGlobalSection
	GlobalSection(SolutionProperties) = preSolution
		HideSolutionNode = FALSE
	EndGlobalSection
	GlobalSection(ExtensibilityGlobals) = postSolution
		SolutionGuid = {6E598B31-A7B7-4CE7-BC79-C892BDDE06CB}
	EndGlobalSection
EndGlobal
